
Microsoft Visual Studio Solution File, Format Version 12.00
# Visual Studio Version 17
VisualStudioVersion = 17.12.35527.113
MinimumVisualStudioVersion = 10.0.40219.1
Project("{2150E333-8FDC-42A3-9474-1A3956D46DE8}") = "src", "src", "{26BBE918-699B-4FFD-B4AE-167B4C44923D}"
EndProject
Project("{FAE04EC0-301F-11D3-BF4B-00C04F79EFBC}") = "FerramentaAPI.Domain", "FerramentaAPI.Domain\FerramentaAPI.Domain.csproj", "{D6D7BEEA-A404-4F7B-A7B5-2E5860AF9949}"
EndProject
Project("{FAE04EC0-301F-11D3-BF4B-00C04F79EFBC}") = "FerramentaAPI.Application", "Application\FerramentaAPI.Application.csproj", "{4C6F9972-BA77-4B89-9A56-3275B499FA73}"
EndProject
Project("{FAE04EC0-301F-11D3-BF4B-00C04F79EFBC}") = "FerramentaAPI.Infra", "FerramentaAPI.Infra\FerramentaAPI.Infra.csproj", "{61BAD9DE-3796-4EA5-9343-AD352027002E}"
EndProject
Project("{FAE04EC0-301F-11D3-BF4B-00C04F79EFBC}") = "FerramentaAPI.Presentation", "FerramentaAPI.Presentation\FerramentaAPI.Presentation.csproj", "{429D13EC-065D-416C-96A2-F82865AB9A9D}"
EndProject
Project("{2150E333-8FDC-42A3-9474-1A3956D46DE8}") = "Test", "Test", "{19C037E5-2D98-4B58-A43B-0910BB29EDEC}"
EndProject
Project("{2150E333-8FDC-42A3-9474-1A3956D46DE8}") = "Domain.Test", "Domain.Test", "{B1FDA505-162A-4F94-AC02-FE36F1D15BA4}"
EndProject
Project("{FAE04EC0-301F-11D3-BF4B-00C04F79EFBC}") = "FerramentaAPI.Domain.Test", "FerramentaAPI.Domain.Test\FerramentaAPI.Domain.Test.csproj", "{9C885CF0-CA5F-41C5-89D6-C4C2BAB5B5D0}"
EndProject
Project("{2150E333-8FDC-42A3-9474-1A3956D46DE8}") = "Infra.Test", "Infra.Test", "{87073D29-AEF9-4DAF-82FC-39209B810E5B}"
EndProject
Project("{FAE04EC0-301F-11D3-BF4B-00C04F79EFBC}") = "FerramentaAPI.Infra.Test", "FerramentaAPI.Infra.Crud\FerramentaAPI.Infra.Test.csproj", "{F1D39530-A6A5-4200-A91D-8FDD8C84DA75}"
EndProject
Project("{2150E333-8FDC-42A3-9474-1A3956D46DE8}") = "Application.Test", "Application.Test", "{260765D4-AB54-4E36-9862-D23ABC58A699}"
EndProject
Project("{FAE04EC0-301F-11D3-BF4B-00C04F79EFBC}") = "FerramentaAPI.Application.Test", "FerramentaAPI.Application.Test\FerramentaAPI.Application.Test.csproj", "{94D11556-E36E-43BB-B944-B041ED9C49AC}"
EndProject
Global
	GlobalSection(SolutionConfigurationPlatforms) = preSolution
		Debug|Any CPU = Debug|Any CPU
		Release|Any CPU = Release|Any CPU
	EndGlobalSection
	GlobalSection(ProjectConfigurationPlatforms) = postSolution
		{D6D7BEEA-A404-4F7B-A7B5-2E5860AF9949}.Debug|Any CPU.ActiveCfg = Debug|Any CPU
		{D6D7BEEA-A404-4F7B-A7B5-2E5860AF9949}.Debug|Any CPU.Build.0 = Debug|Any CPU
		{D6D7BEEA-A404-4F7B-A7B5-2E5860AF9949}.Release|Any CPU.ActiveCfg = Release|Any CPU
		{D6D7BEEA-A404-4F7B-A7B5-2E5860AF9949}.Release|Any CPU.Build.0 = Release|Any CPU
		{4C6F9972-BA77-4B89-9A56-3275B499FA73}.Debug|Any CPU.ActiveCfg = Debug|Any CPU
		{4C6F9972-BA77-4B89-9A56-3275B499FA73}.Debug|Any CPU.Build.0 = Debug|Any CPU
		{4C6F9972-BA77-4B89-9A56-3275B499FA73}.Release|Any CPU.ActiveCfg = Release|Any CPU
		{4C6F9972-BA77-4B89-9A56-3275B499FA73}.Release|Any CPU.Build.0 = Release|Any CPU
		{61BAD9DE-3796-4EA5-9343-AD352027002E}.Debug|Any CPU.ActiveCfg = Debug|Any CPU
		{61BAD9DE-3796-4EA5-9343-AD352027002E}.Debug|Any CPU.Build.0 = Debug|Any CPU
		{61BAD9DE-3796-4EA5-9343-AD352027002E}.Release|Any CPU.ActiveCfg = Release|Any CPU
		{61BAD9DE-3796-4EA5-9343-AD352027002E}.Release|Any CPU.Build.0 = Release|Any CPU
		{429D13EC-065D-416C-96A2-F82865AB9A9D}.Debug|Any CPU.ActiveCfg = Debug|Any CPU
		{429D13EC-065D-416C-96A2-F82865AB9A9D}.Debug|Any CPU.Build.0 = Debug|Any CPU
		{429D13EC-065D-416C-96A2-F82865AB9A9D}.Release|Any CPU.ActiveCfg = Release|Any CPU
		{429D13EC-065D-416C-96A2-F82865AB9A9D}.Release|Any CPU.Build.0 = Release|Any CPU
		{9C885CF0-CA5F-41C5-89D6-C4C2BAB5B5D0}.Debug|Any CPU.ActiveCfg = Debug|Any CPU
		{9C885CF0-CA5F-41C5-89D6-C4C2BAB5B5D0}.Debug|Any CPU.Build.0 = Debug|Any CPU
		{9C885CF0-CA5F-41C5-89D6-C4C2BAB5B5D0}.Release|Any CPU.ActiveCfg = Release|Any CPU
		{9C885CF0-CA5F-41C5-89D6-C4C2BAB5B5D0}.Release|Any CPU.Build.0 = Release|Any CPU
		{F1D39530-A6A5-4200-A91D-8FDD8C84DA75}.Debug|Any CPU.ActiveCfg = Debug|Any CPU
		{F1D39530-A6A5-4200-A91D-8FDD8C84DA75}.Debug|Any CPU.Build.0 = Debug|Any CPU
		{F1D39530-A6A5-4200-A91D-8FDD8C84DA75}.Release|Any CPU.ActiveCfg = Release|Any CPU
		{F1D39530-A6A5-4200-A91D-8FDD8C84DA75}.Release|Any CPU.Build.0 = Release|Any CPU
		{94D11556-E36E-43BB-B944-B041ED9C49AC}.Debug|Any CPU.ActiveCfg = Debug|Any CPU
		{94D11556-E36E-43BB-B944-B041ED9C49AC}.Debug|Any CPU.Build.0 = Debug|Any CPU
		{94D11556-E36E-43BB-B944-B041ED9C49AC}.Release|Any CPU.ActiveCfg = Release|Any CPU
		{94D11556-E36E-43BB-B944-B041ED9C49AC}.Release|Any CPU.Build.0 = Release|Any CPU
	EndGlobalSection
	GlobalSection(SolutionProperties) = preSolution
		HideSolutionNode = FALSE
	EndGlobalSection
	GlobalSection(NestedProjects) = preSolution
		{D6D7BEEA-A404-4F7B-A7B5-2E5860AF9949} = {26BBE918-699B-4FFD-B4AE-167B4C44923D}
		{4C6F9972-BA77-4B89-9A56-3275B499FA73} = {26BBE918-699B-4FFD-B4AE-167B4C44923D}
		{61BAD9DE-3796-4EA5-9343-AD352027002E} = {26BBE918-699B-4FFD-B4AE-167B4C44923D}
		{429D13EC-065D-416C-96A2-F82865AB9A9D} = {26BBE918-699B-4FFD-B4AE-167B4C44923D}
		{B1FDA505-162A-4F94-AC02-FE36F1D15BA4} = {19C037E5-2D98-4B58-A43B-0910BB29EDEC}
		{9C885CF0-CA5F-41C5-89D6-C4C2BAB5B5D0} = {B1FDA505-162A-4F94-AC02-FE36F1D15BA4}
		{87073D29-AEF9-4DAF-82FC-39209B810E5B} = {19C037E5-2D98-4B58-A43B-0910BB29EDEC}
		{F1D39530-A6A5-4200-A91D-8FDD8C84DA75} = {87073D29-AEF9-4DAF-82FC-39209B810E5B}
		{260765D4-AB54-4E36-9862-D23ABC58A699} = {19C037E5-2D98-4B58-A43B-0910BB29EDEC}
		{94D11556-E36E-43BB-B944-B041ED9C49AC} = {260765D4-AB54-4E36-9862-D23ABC58A699}
	EndGlobalSection
EndGlobal
